# THIS IS AN AUTOGENERATED FILE. DO NOT EDIT THIS FILE DIRECTLY.
# yarn lockfile v1


lin-ui@^0.6.7:
  version "0.6.7"
  resolved "https://registry.npmjs.org/lin-ui/-/lin-ui-0.6.7.tgz#30d6b376b5e330f6cba094d80bbd354874bc05e9"
  integrity sha512-wUKoABdt2bJT/3eeUaRJvjnFwCx6n5Qt4V7FQCAd7fetpYLjIRGPc43DGtzuZ1eHqMYG9ITr5PCFW98xaoqaCg==
